// !$*UTF8*$!
{
	archiveVersion = 1;
	classes = {
	};
	objectVersion = 56;
	objects = {

/* Begin PBXBuildFile section */
		F852BDE32C3C8DD00032C81B /* AppDelegate.swift in Sources */ = {isa = PBXBuildFile; fileRef = F852BDE22C3C8DD00032C81B /* AppDelegate.swift */; };
		F852BDE52C3C8DD00032C81B /* SceneDelegate.swift in Sources */ = {isa = PBXBuildFile; fileRef = F852BDE42C3C8DD00032C81B /* SceneDelegate.swift */; };
		F852BDE72C3C8DD00032C81B /* ViewController.swift in Sources */ = {isa = PBXBuildFile; fileRef = F852BDE62C3C8DD00032C81B /* ViewController.swift */; };
		F852BDEA2C3C8DD00032C81B /* Base in Resources */ = {isa = PBXBuildFile; fileRef = F852BDE92C3C8DD00032C81B /* Base */; };
		F852BDEC2C3C8DD10032C81B /* Assets.xcassets in Resources */ = {isa = PBXBuildFile; fileRef = F852BDEB2C3C8DD10032C81B /* Assets.xcassets */; };
		F852BDEF2C3C8DD10032C81B /* Base in Resources */ = {isa = PBXBuildFile; fileRef = F852BDEE2C3C8DD10032C81B /* Base */; };
		F852BDFA2C3C8DD10032C81B /* CPSC5330_extraTests.swift in Sources */ = {isa = PBXBuildFile; fileRef = F852BDF92C3C8DD10032C81B /* CPSC5330_extraTests.swift */; };
		F852BE042C3C8DD10032C81B /* CPSC5330_extraUITests.swift in Sources */ = {isa = PBXBuildFile; fileRef = F852BE032C3C8DD10032C81B /* CPSC5330_extraUITests.swift */; };
		F852BE062C3C8DD10032C81B /* CPSC5330_extraUITestsLaunchTests.swift in Sources */ = {isa = PBXBuildFile; fileRef = F852BE052C3C8DD10032C81B /* CPSC5330_extraUITestsLaunchTests.swift */; };
/* End PBXBuildFile section */

/* Begin PBXContainerItemProxy section */
		F852BDF62C3C8DD10032C81B /* PBXContainerItemProxy */ = {
			isa = PBXContainerItemProxy;
			containerPortal = F852BDD72C3C8DD00032C81B /* Project object */;
			proxyType = 1;
			remoteGlobalIDString = F852BDDE2C3C8DD00032C81B;
			remoteInfo = "CPSC5330-extra";
		};
		F852BE002C3C8DD10032C81B /* PBXContainerItemProxy */ = {
			isa = PBXContainerItemProxy;
			containerPortal = F852BDD72C3C8DD00032C81B /* Project object */;
			proxyType = 1;
			remoteGlobalIDString = F852BDDE2C3C8DD00032C81B;
			remoteInfo = "CPSC5330-extra";
		};
/* End PBXContainerItemProxy section */

/* Begin PBXFileReference section */
		F852BDDF2C3C8DD00032C81B /* CPSC5330-extra.app */ = {isa = PBXFileReference; explicitFileType = wrapper.application; includeInIndex = 0; path = "CPSC5330-extra.app"; sourceTree = BUILT_PRODUCTS_DIR; };
		F852BDE22C3C8DD00032C81B /* AppDelegate.swift */ = {isa = PBXFileReference; lastKnownFileType = sourcecode.swift; path = AppDelegate.swift; sourceTree = "<group>"; };
		F852BDE42C3C8DD00032C81B /* SceneDelegate.swift */ = {isa = PBXFileReference; lastKnownFileType = sourcecode.swift; path = SceneDelegate.swift; sourceTree = "<group>"; };
		F852BDE62C3C8DD00032C81B /* ViewController.swift */ = {isa = PBXFileReference; lastKnownFileType = sourcecode.swift; path = ViewController.swift; sourceTree = "<group>"; };
		F852BDE92C3C8DD00032C81B /* Base */ = {isa = PBXFileReference; lastKnownFileType = file.storyboard; name = Base; path = Base.lproj/Main.storyboard; sourceTree = "<group>"; };
		F852BDEB2C3C8DD10032C81B /* Assets.xcassets */ = {isa = PBXFileReference; lastKnownFileType = folder.assetcatalog; path = Assets.xcassets; sourceTree = "<group>"; };
		F852BDEE2C3C8DD10032C81B /* Base */ = {isa = PBXFileReference; lastKnownFileType = file.storyboard; name = Base; path = Base.lproj/LaunchScreen.storyboard; sourceTree = "<group>"; };
		F852BDF02C3C8DD10032C81B /* Info.plist */ = {isa = PBXFileReference; lastKnownFileType = text.plist.xml; path = Info.plist; sourceTree = "<group>"; };
		F852BDF52C3C8DD10032C81B /* CPSC5330-extraTests.xctest */ = {isa = PBXFileReference; explicitFileType = wrapper.cfbundle; includeInIndex = 0; path = "CPSC5330-extraTests.xctest"; sourceTree = BUILT_PRODUCTS_DIR; };
		F852BDF92C3C8DD10032C81B /* CPSC5330_extraTests.swift */ = {isa = PBXFileReference; lastKnownFileType = sourcecode.swift; path = CPSC5330_extraTests.swift; sourceTree = "<group>"; };
		F852BDFF2C3C8DD10032C81B /* CPSC5330-extraUITests.xctest */ = {isa = PBXFileReference; explicitFileType = wrapper.cfbundle; includeInIndex = 0; path = "CPSC5330-extraUITests.xctest"; sourceTree = BUILT_PRODUCTS_DIR; };
		F852BE032C3C8DD10032C81B /* CPSC5330_extraUITests.swift */ = {isa = PBXFileReference; lastKnownFileType = sourcecode.swift; path = CPSC5330_extraUITests.swift; sourceTree = "<group>"; };
		F852BE052C3C8DD10032C81B /* CPSC5330_extraUITestsLaunchTests.swift */ = {isa = PBXFileReference; lastKnownFileType = sourcecode.swift; path = CPSC5330_extraUITestsLaunchTests.swift; sourceTree = "<group>"; };
/* End PBXFileReference section */

/* Begin PBXFrameworksBuildPhase section */
		F852BDDC2C3C8DD00032C81B /* Frameworks */ = {
			isa = PBXFrameworksBuildPhase;
			buildActionMask = 2147483647;
			files = (
			);
			runOnlyForDeploymentPostprocessing = 0;
		};
		F852BDF22C3C8DD10032C81B /* Frameworks */ = {
			isa = PBXFrameworksBuildPhase;
			buildActionMask = 2147483647;
			files = (
			);
			runOnlyForDeploymentPostprocessing = 0;
		};
		F852BDFC2C3C8DD10032C81B /* Frameworks */ = {
			isa = PBXFrameworksBuildPhase;
			buildActionMask = 2147483647;
			files = (
			);
			runOnlyForDeploymentPostprocessing = 0;
		};
/* End PBXFrameworksBuildPhase section */

/* Begin PBXGroup section */
		F852BDD62C3C8DD00032C81B = {
			isa = PBXGroup;
			children = (
				F852BDE12C3C8DD00032C81B /* CPSC5330-extra */,
				F852BDF82C3C8DD10032C81B /* CPSC5330-extraTests */,
				F852BE022C3C8DD10032C81B /* CPSC5330-extraUITests */,
				F852BDE02C3C8DD00032C81B /* Products */,
			);
			sourceTree = "<group>";
		};
		F852BDE02C3C8DD00032C81B /* Products */ = {
			isa = PBXGroup;
			children = (
				F852BDDF2C3C8DD00032C81B /* CPSC5330-extra.app */,
				F852BDF52C3C8DD10032C81B /* CPSC5330-extraTests.xctest */,
				F852BDFF2C3C8DD10032C81B /* CPSC5330-extraUITests.xctest */,
			);
			name = Products;
			sourceTree = "<group>";
		};
		F852BDE12C3C8DD00032C81B /* CPSC5330-extra */ = {
			isa = PBXGroup;
			children = (
				F852BDE22C3C8DD00032C81B /* AppDelegate.swift */,
				F852BDE42C3C8DD00032C81B /* SceneDelegate.swift */,
				F852BDE62C3C8DD00032C81B /* ViewController.swift */,
				F852BDE82C3C8DD00032C81B /* Main.storyboard */,
				F852BDEB2C3C8DD10032C81B /* Assets.xcassets */,
				F852BDED2C3C8DD10032C81B /* LaunchScreen.storyboard */,
				F852BDF02C3C8DD10032C81B /* Info.plist */,
			);
			path = "CPSC5330-extra";
			sourceTree = "<group>";
		};
		F852BDF82C3C8DD10032C81B /* CPSC5330-extraTests */ = {
			isa = PBXGroup;
			children = (
				F852BDF92C3C8DD10032C81B /* CPSC5330_extraTests.swift */,
			);
			path = "CPSC5330-extraTests";
			sourceTree = "<group>";
		};
		F852BE022C3C8DD10032C81B /* CPSC5330-extraUITests */ = {
			isa = PBXGroup;
			children = (
				F852BE032C3C8DD10032C81B /* CPSC5330_extraUITests.swift */,
				F852BE052C3C8DD10032C81B /* CPSC5330_extraUITestsLaunchTests.swift */,
			);
			path = "CPSC5330-extraUITests";
			sourceTree = "<group>";
		};
/* End PBXGroup section */

/* Begin PBXNativeTarget section */
		F852BDDE2C3C8DD00032C81B /* CPSC5330-extra */ = {
			isa = PBXNativeTarget;
			buildConfigurationList = F852BE092C3C8DD10032C81B /* Build configuration list for PBXNativeTarget "CPSC5330-extra" */;
			buildPhases = (
				F852BDDB2C3C8DD00032C81B /* Sources */,
				F852BDDC2C3C8DD00032C81B /* Frameworks */,
				F852BDDD2C3C8DD00032C81B /* Resources */,
			);
			buildRules = (
			);
			dependencies = (
			);
			name = "CPSC5330-extra";
			productName = "CPSC5330-extra";
			productReference = F852BDDF2C3C8DD00032C81B /* CPSC5330-extra.app */;
			productType = "com.apple.product-type.application";
		};
		F852BDF42C3C8DD10032C81B /* CPSC5330-extraTests */ = {
			isa = PBXNativeTarget;
			buildConfigurationList = F852BE0C2C3C8DD10032C81B /* Build configuration list for PBXNativeTarget "CPSC5330-extraTests" */;
			buildPhases = (
				F852BDF12C3C8DD10032C81B /* Sources */,
				F852BDF22C3C8DD10032C81B /* Frameworks */,
				F852BDF32C3C8DD10032C81B /* Resources */,
			);
			buildRules = (
			);
			dependencies = (
				F852BDF72C3C8DD10032C81B /* PBXTargetDependency */,
			);
			name = "CPSC5330-extraTests";
			productName = "CPSC5330-extraTests";
			productReference = F852BDF52C3C8DD10032C81B /* CPSC5330-extraTests.xctest */;
			productType = "com.apple.product-type.bundle.unit-test";
		};
		F852BDFE2C3C8DD10032C81B /* CPSC5330-extraUITests */ = {
			isa = PBXNativeTarget;
			buildConfigurationList = F852BE0F2C3C8DD10032C81B /* Build configuration list for PBXNativeTarget "CPSC5330-extraUITests" */;
			buildPhases = (
				F852BDFB2C3C8DD10032C81B /* Sources */,
				F852BDFC2C3C8DD10032C81B /* Frameworks */,
				F852BDFD2C3C8DD10032C81B /* Resources */,
			);
			buildRules = (
			);
			dependencies = (
				F852BE012C3C8DD10032C81B /* PBXTargetDependency */,
			);
			name = "CPSC5330-extraUITests";
			productName = "CPSC5330-extraUITests";
			productReference = F852BDFF2C3C8DD10032C81B /* CPSC5330-extraUITests.xctest */;
			productType = "com.apple.product-type.bundle.ui-testing";
		};
/* End PBXNativeTarget section */

/* Begin PBXProject section */
		F852BDD72C3C8DD00032C81B /* Project object */ = {
			isa = PBXProject;
			attributes = {
				BuildIndependentTargetsInParallel = 1;
				LastSwiftUpdateCheck = 1540;
				LastUpgradeCheck = 1540;
				TargetAttributes = {
					F852BDDE2C3C8DD00032C81B = {
						CreatedOnToolsVersion = 15.4;
					};
					F852BDF42C3C8DD10032C81B = {
						CreatedOnToolsVersion = 15.4;
						TestTargetID = F852BDDE2C3C8DD00032C81B;
					};
					F852BDFE2C3C8DD10032C81B = {
						CreatedOnToolsVersion = 15.4;
						TestTargetID = F852BDDE2C3C8DD00032C81B;
					};
				};
			};
			buildConfigurationList = F852BDDA2C3C8DD00032C81B /* Build configuration list for PBXProject "CPSC5330-extra" */;
			compatibilityVersion = "Xcode 14.0";
			developmentRegion = en;
			hasScannedForEncodings = 0;
			knownRegions = (
				en,
				Base,
			);
			mainGroup = F852BDD62C3C8DD00032C81B;
			productRefGroup = F852BDE02C3C8DD00032C81B /* Products */;
			projectDirPath = "";
			projectRoot = "";
			targets = (
				F852BDDE2C3C8DD00032C81B /* CPSC5330-extra */,
				F852BDF42C3C8DD10032C81B /* CPSC5330-extraTests */,
				F852BDFE2C3C8DD10032C81B /* CPSC5330-extraUITests */,
			);
		};
/* End PBXProject section */

/* Begin PBXResourcesBuildPhase section */
		F852BDDD2C3C8DD00032C81B /* Resources */ = {
			isa = PBXResourcesBuildPhase;
			buildActionMask = 2147483647;
			files = (
				F852BDEC2C3C8DD10032C81B /* Assets.xcassets in Resources */,
				F852BDEF2C3C8DD10032C81B /* Base in Resources */,
				F852BDEA2C3C8DD00032C81B /* Base in Resources */,
			);
			runOnlyForDeploymentPostprocessing = 0;
		};
		F852BDF32C3C8DD10032C81B /* Resources */ = {
			isa = PBXResourcesBuildPhase;
			buildActionMask = 2147483647;
			files = (
			);
			runOnlyForDeploymentPostprocessing = 0;
		};
		F852BDFD2C3C8DD10032C81B /* Resources */ = {
			isa = PBXResourcesBuildPhase;
			buildActionMask = 2147483647;
			files = (
			);
			runOnlyForDeploymentPostprocessing = 0;
		};
/* End PBXResourcesBuildPhase section */

/* Begin PBXSourcesBuildPhase section */
		F852BDDB2C3C8DD00032C81B /* Sources */ = {
			isa = PBXSourcesBuildPhase;
			buildActionMask = 2147483647;
			files = (
				F852BDE72C3C8DD00032C81B /* ViewController.swift in Sources */,
				F852BDE32C3C8DD00032C81B /* AppDelegate.swift in Sources */,
				F852BDE52C3C8DD00032C81B /* SceneDelegate.swift in Sources */,
			);
			runOnlyForDeploymentPostprocessing = 0;
		};
		F852BDF12C3C8DD10032C81B /* Sources */ = {
			isa = PBXSourcesBuildPhase;
			buildActionMask = 2147483647;
			files = (
				F852BDFA2C3C8DD10032C81B /* CPSC5330_extraTests.swift in Sources */,
			);
			runOnlyForDeploymentPostprocessing = 0;
		};
		F852BDFB2C3C8DD10032C81B /* Sources */ = {
			isa = PBXSourcesBuildPhase;
			buildActionMask = 2147483647;
			files = (
				F852BE042C3C8DD10032C81B /* CPSC5330_extraUITests.swift in Sources */,
				F852BE062C3C8DD10032C81B /* CPSC5330_extraUITestsLaunchTests.swift in Sources */,
			);
			runOnlyForDeploymentPostprocessing = 0;
		};
/* End PBXSourcesBuildPhase section */

/* Begin PBXTargetDependency section */
		F852BDF72C3C8DD10032C81B /* PBXTargetDependency */ = {
			isa = PBXTargetDependency;
			target = F852BDDE2C3C8DD00032C81B /* CPSC5330-extra */;
			targetProxy = F852BDF62C3C8DD10032C81B /* PBXContainerItemProxy */;
		};
		F852BE012C3C8DD10032C81B /* PBXTargetDependency */ = {
			isa = PBXTargetDependency;
			target = F852BDDE2C3C8DD00032C81B /* CPSC5330-extra */;
			targetProxy = F852BE002C3C8DD10032C81B /* PBXContainerItemProxy */;
		};
/* End PBXTargetDependency section */

/* Begin PBXVariantGroup section */
		F852BDE82C3C8DD00032C81B /* Main.storyboard */ = {
			isa = PBXVariantGroup;
			children = (
				F852BDE92C3C8DD00032C81B /* Base */,
			);
			name = Main.storyboard;
			sourceTree = "<group>";
		};
		F852BDED2C3C8DD10032C81B /* LaunchScreen.storyboard */ = {
			isa = PBXVariantGroup;
			children = (
				F852BDEE2C3C8DD10032C81B /* Base */,
			);
			name = LaunchScreen.storyboard;
			sourceTree = "<group>";
		};
/* End PBXVariantGroup section */

/* Begin XCBuildConfiguration section */
		F852BE072C3C8DD10032C81B /* Debug */ = {
			isa = XCBuildConfiguration;
			buildSettings = {
				ALWAYS_SEARCH_USER_PATHS = NO;
				ASSETCATALOG_COMPILER_GENERATE_SWIFT_ASSET_SYMBOL_EXTENSIONS = YES;
				CLANG_ANALYZER_NONNULL = YES;
				CLANG_ANALYZER_NUMBER_OBJECT_CONVERSION = YES_AGGRESSIVE;
				CLANG_CXX_LANGUAGE_STANDARD = "gnu++20";
				CLANG_ENABLE_MODULES = YES;
				CLANG_ENABLE_OBJC_ARC = YES;
				CLANG_ENABLE_OBJC_WEAK = YES;
				CLANG_WARN_BLOCK_CAPTURE_AUTORELEASING = YES;
				CLANG_WARN_BOOL_CONVERSION = YES;
				CLANG_WARN_COMMA = YES;
				CLANG_WARN_CONSTANT_CONVERSION = YES;
				CLANG_WARN_DEPRECATED_OBJC_IMPLEMENTATIONS = YES;
				CLANG_WARN_DIRECT_OBJC_ISA_USAGE = YES_ERROR;
				CLANG_WARN_DOCUMENTATION_COMMENTS = YES;
				CLANG_WARN_EMPTY_BODY = YES;
				CLANG_WARN_ENUM_CONVERSION = YES;
				CLANG_WARN_INFINITE_RECURSION = YES;
				CLANG_WARN_INT_CONVERSION = YES;
				CLANG_WARN_NON_LITERAL_NULL_CONVERSION = YES;
				CLANG_WARN_OBJC_IMPLICIT_RETAIN_SELF = YES;
				CLANG_WARN_OBJC_LITERAL_CONVERSION = YES;
				CLANG_WARN_OBJC_ROOT_CLASS = YES_ERROR;
				CLANG_WARN_QUOTED_INCLUDE_IN_FRAMEWORK_HEADER = YES;
				CLANG_WARN_RANGE_LOOP_ANALYSIS = YES;
				CLANG_WARN_STRICT_PROTOTYPES = YES;
				CLANG_WARN_SUSPICIOUS_MOVE = YES;
				CLANG_WARN_UNGUARDED_AVAILABILITY = YES_AGGRESSIVE;
				CLANG_WARN_UNREACHABLE_CODE = YES;
				CLANG_WARN__DUPLICATE_METHOD_MATCH = YES;
				COPY_PHASE_STRIP = NO;
				DEBUG_INFORMATION_FORMAT = dwarf;
				ENABLE_STRICT_OBJC_MSGSEND = YES;
				ENABLE_TESTABILITY = YES;
				ENABLE_USER_SCRIPT_SANDBOXING = YES;
				GCC_C_LANGUAGE_STANDARD = gnu17;
				GCC_DYNAMIC_NO_PIC = NO;
				GCC_NO_COMMON_BLOCKS = YES;
				GCC_OPTIMIZATION_LEVEL = 0;
				GCC_PREPROCESSOR_DEFINITIONS = (
					"DEBUG=1",
					"$(inherited)",
				);
				GCC_WARN_64_TO_32_BIT_CONVERSION = YES;
				GCC_WARN_ABOUT_RETURN_TYPE = YES_ERROR;
				GCC_WARN_UNDECLARED_SELECTOR = YES;
				GCC_WARN_UNINITIALIZED_AUTOS = YES_AGGRESSIVE;
				GCC_WARN_UNUSED_FUNCTION = YES;
				GCC_WARN_UNUSED_VARIABLE = YES;
				IPHONEOS_DEPLOYMENT_TARGET = 17.5;
				LOCALIZATION_PREFERS_STRING_CATALOGS = YES;
				MTL_ENABLE_DEBUG_INFO = INCLUDE_SOURCE;
				MTL_FAST_MATH = YES;
				ONLY_ACTIVE_ARCH = YES;
				SDKROOT = iphoneos;
				SWIFT_ACTIVE_COMPILATION_CONDITIONS = "DEBUG $(inherited)";
				SWIFT_OPTIMIZATION_LEVEL = "-Onone";
			};
			name = Debug;
		};
		F852BE082C3C8DD10032C81B /* Release */ = {
			isa = XCBuildConfiguration;
			buildSettings = {
				ALWAYS_SEARCH_USER_PATHS = NO;
				ASSETCATALOG_COMPILER_GENERATE_SWIFT_ASSET_SYMBOL_EXTENSIONS = YES;
				CLANG_ANALYZER_NONNULL = YES;
				CLANG_ANALYZER_NUMBER_OBJECT_CONVERSION = YES_AGGRESSIVE;
				CLANG_CXX_LANGUAGE_STANDARD = "gnu++20";
				CLANG_ENABLE_MODULES = YES;
				CLANG_ENABLE_OBJC_ARC = YES;
				CLANG_ENABLE_OBJC_WEAK = YES;
				CLANG_WARN_BLOCK_CAPTURE_AUTORELEASING = YES;
				CLANG_WARN_BOOL_CONVERSION = YES;
				CLANG_WARN_COMMA = YES;
				CLANG_WARN_CONSTANT_CONVERSION = YES;
				CLANG_WARN_DEPRECATED_OBJC_IMPLEMENTATIONS = YES;
				CLANG_WARN_DIRECT_OBJC_ISA_USAGE = YES_ERROR;
				CLANG_WARN_DOCUMENTATION_COMMENTS = YES;
				CLANG_WARN_EMPTY_BODY = YES;
				CLANG_WARN_ENUM_CONVERSION = YES;
				CLANG_WARN_INFINITE_RECURSION = YES;
				CLANG_WARN_INT_CONVERSION = YES;
				CLANG_WARN_NON_LITERAL_NULL_CONVERSION = YES;
				CLANG_WARN_OBJC_IMPLICIT_RETAIN_SELF = YES;
				CLANG_WARN_OBJC_LITERAL_CONVERSION = YES;
				CLANG_WARN_OBJC_ROOT_CLASS = YES_ERROR;
				CLANG_WARN_QUOTED_INCLUDE_IN_FRAMEWORK_HEADER = YES;
				CLANG_WARN_RANGE_LOOP_ANALYSIS = YES;
				CLANG_WARN_STRICT_PROTOTYPES = YES;
				CLANG_WARN_SUSPICIOUS_MOVE = YES;
				CLANG_WARN_UNGUARDED_AVAILABILITY = YES_AGGRESSIVE;
				CLANG_WARN_UNREACHABLE_CODE = YES;
				CLANG_WARN__DUPLICATE_METHOD_MATCH = YES;
				COPY_PHASE_STRIP = NO;
				DEBUG_INFORMATION_FORMAT = "dwarf-with-dsym";
				ENABLE_NS_ASSERTIONS = NO;
				ENABLE_STRICT_OBJC_MSGSEND = YES;
				ENABLE_USER_SCRIPT_SANDBOXING = YES;
				GCC_C_LANGUAGE_STANDARD = gnu17;
				GCC_NO_COMMON_BLOCKS = YES;
				GCC_WARN_64_TO_32_BIT_CONVERSION = YES;
				GCC_WARN_ABOUT_RETURN_TYPE = YES_ERROR;
				GCC_WARN_UNDECLARED_SELECTOR = YES;
				GCC_WARN_UNINITIALIZED_AUTOS = YES_AGGRESSIVE;
				GCC_WARN_UNUSED_FUNCTION = YES;
				GCC_WARN_UNUSED_VARIABLE = YES;
				IPHONEOS_DEPLOYMENT_TARGET = 17.5;
				LOCALIZATION_PREFERS_STRING_CATALOGS = YES;
				MTL_ENABLE_DEBUG_INFO = NO;
				MTL_FAST_MATH = YES;
				SDKROOT = iphoneos;
				SWIFT_COMPILATION_MODE = wholemodule;
				VALIDATE_PRODUCT = YES;
			};
			name = Release;
		};
		F852BE0A2C3C8DD10032C81B /* Debug */ = {
			isa = XCBuildConfiguration;
			buildSettings = {
				ASSETCATALOG_COMPILER_APPICON_NAME = AppIcon;
				ASSETCATALOG_COMPILER_GLOBAL_ACCENT_COLOR_NAME = AccentColor;
				CODE_SIGN_STYLE = Automatic;
				CURRENT_PROJECT_VERSION = 1;
				GENERATE_INFOPLIST_FILE = YES;
				INFOPLIST_FILE = "CPSC5330-extra/Info.plist";
				INFOPLIST_KEY_UIApplicationSupportsIndirectInputEvents = YES;
				INFOPLIST_KEY_UILaunchStoryboardName = LaunchScreen;
				INFOPLIST_KEY_UIMainStoryboardFile = Main;
				INFOPLIST_KEY_UISupportedInterfaceOrientations_iPad = "UIInterfaceOrientationPortrait UIInterfaceOrientationPortraitUpsideDown UIInterfaceOrientationLandscapeLeft UIInterfaceOrientationLandscapeRight";
				INFOPLIST_KEY_UISupportedInterfaceOrientations_iPhone = "UIInterfaceOrientationPortrait UIInterfaceOrientationLandscapeLeft UIInterfaceOrientationLandscapeRight";
				LD_RUNPATH_SEARCH_PATHS = (
					"$(inherited)",
					"@executable_path/Frameworks",
				);
				MARKETING_VERSION = 1.0;
				PRODUCT_BUNDLE_IDENTIFIER = "edu.auburn.onlinecsse.CPSC5330-extra";
				PRODUCT_NAME = "$(TARGET_NAME)";
				SWIFT_EMIT_LOC_STRINGS = YES;
				SWIFT_VERSION = 5.0;
				TARGETED_DEVICE_FAMILY = "1,2";
			};
			name = Debug;
		};
		F852BE0B2C3C8DD10032C81B /* Release */ = {
			isa = XCBuildConfiguration;
			buildSettings = {
				ASSETCATALOG_COMPILER_APPICON_NAME = AppIcon;
				ASSETCATALOG_COMPILER_GLOBAL_ACCENT_COLOR_NAME = AccentColor;
				CODE_SIGN_STYLE = Automatic;
				CURRENT_PROJECT_VERSION = 1;
				GENERATE_INFOPLIST_FILE = YES;
				INFOPLIST_FILE = "CPSC5330-extra/Info.plist";
				INFOPLIST_KEY_UIApplicationSupportsIndirectInputEvents = YES;
				INFOPLIST_KEY_UILaunchStoryboardName = LaunchScreen;
				INFOPLIST_KEY_UIMainStoryboardFile = Main;
				INFOPLIST_KEY_UISupportedInterfaceOrientations_iPad = "UIInterfaceOrientationPortrait UIInterfaceOrientationPortraitUpsideDown UIInterfaceOrientationLandscapeLeft UIInterfaceOrientationLandscapeRight";
				INFOPLIST_KEY_UISupportedInterfaceOrientations_iPhone = "UIInterfaceOrientationPortrait UIInterfaceOrientationLandscapeLeft UIInterfaceOrientationLandscapeRight";
				LD_RUNPATH_SEARCH_PATHS = (
					"$(inherited)",
					"@executable_path/Frameworks",
				);
				MARKETING_VERSION = 1.0;
				PRODUCT_BUNDLE_IDENTIFIER = "edu.auburn.onlinecsse.CPSC5330-extra";
				PRODUCT_NAME = "$(TARGET_NAME)";
				SWIFT_EMIT_LOC_STRINGS = YES;
				SWIFT_VERSION = 5.0;
				TARGETED_DEVICE_FAMILY = "1,2";
			};
			name = Release;
		};
		F852BE0D2C3C8DD10032C81B /* Debug */ = {
			isa = XCBuildConfiguration;
			buildSettings = {
				ALWAYS_EMBED_SWIFT_STANDARD_LIBRARIES = YES;
				BUNDLE_LOADER = "$(TEST_HOST)";
				CODE_SIGN_STYLE = Automatic;
				CURRENT_PROJECT_VERSION = 1;
				GENERATE_INFOPLIST_FILE = YES;
				IPHONEOS_DEPLOYMENT_TARGET = 17.5;
				MARKETING_VERSION = 1.0;
				PRODUCT_BUNDLE_IDENTIFIER = "edu.auburn.onlinecsse.CPSC5330-extraTests";
				PRODUCT_NAME = "$(TARGET_NAME)";
				SWIFT_EMIT_LOC_STRINGS = NO;
				SWIFT_VERSION = 5.0;
				TARGETED_DEVICE_FAMILY = "1,2";
				TEST_HOST = "$(BUILT_PRODUCTS_DIR)/CPSC5330-extra.app/$(BUNDLE_EXECUTABLE_FOLDER_PATH)/CPSC5330-extra";
			};
			name = Debug;
		};
		F852BE0E2C3C8DD10032C81B /* Release */ = {
			isa = XCBuildConfiguration;
			buildSettings = {
				ALWAYS_EMBED_SWIFT_STANDARD_LIBRARIES = YES;
				BUNDLE_LOADER = "$(TEST_HOST)";
				CODE_SIGN_STYLE = Automatic;
				CURRENT_PROJECT_VERSION = 1;
				GENERATE_INFOPLIST_FILE = YES;
				IPHONEOS_DEPLOYMENT_TARGET = 17.5;
				MARKETING_VERSION = 1.0;
				PRODUCT_BUNDLE_IDENTIFIER = "edu.auburn.onlinecsse.CPSC5330-extraTests";
				PRODUCT_NAME = "$(TARGET_NAME)";
				SWIFT_EMIT_LOC_STRINGS = NO;
				SWIFT_VERSION = 5.0;
				TARGETED_DEVICE_FAMILY = "1,2";
				TEST_HOST = "$(BUILT_PRODUCTS_DIR)/CPSC5330-extra.app/$(BUNDLE_EXECUTABLE_FOLDER_PATH)/CPSC5330-extra";
			};
			name = Release;
		};
		F852BE102C3C8DD10032C81B /* Debug */ = {
			isa = XCBuildConfiguration;
			buildSettings = {
				ALWAYS_EMBED_SWIFT_STANDARD_LIBRARIES = YES;
				CODE_SIGN_STYLE = Automatic;
				CURRENT_PROJECT_VERSION = 1;
				GENERATE_INFOPLIST_FILE = YES;
				MARKETING_VERSION = 1.0;
				PRODUCT_BUNDLE_IDENTIFIER = "edu.auburn.onlinecsse.CPSC5330-extraUITests";
				PRODUCT_NAME = "$(TARGET_NAME)";
				SWIFT_EMIT_LOC_STRINGS = NO;
				SWIFT_VERSION = 5.0;
				TARGETED_DEVICE_FAMILY = "1,2";
				TEST_TARGET_NAME = "CPSC5330-extra";
			};
			name = Debug;
		};
		F852BE112C3C8DD10032C81B /* Release */ = {
			isa = XCBuildConfiguration;
			buildSettings = {
				ALWAYS_EMBED_SWIFT_STANDARD_LIBRARIES = YES;
				CODE_SIGN_STYLE = Automatic;
				CURRENT_PROJECT_VERSION = 1;
				GENERATE_INFOPLIST_FILE = YES;
				MARKETING_VERSION = 1.0;
				PRODUCT_BUNDLE_IDENTIFIER = "edu.auburn.onlinecsse.CPSC5330-extraUITests";
				PRODUCT_NAME = "$(TARGET_NAME)";
				SWIFT_EMIT_LOC_STRINGS = NO;
				SWIFT_VERSION = 5.0;
				TARGETED_DEVICE_FAMILY = "1,2";
				TEST_TARGET_NAME = "CPSC5330-extra";
			};
			name = Release;
		};
/* End XCBuildConfiguration section */

/* Begin XCConfigurationList section */
		F852BDDA2C3C8DD00032C81B /* Build configuration list for PBXProject "CPSC5330-extra" */ = {
			isa = XCConfigurationList;
			buildConfigurations = (
				F852BE072C3C8DD10032C81B /* Debug */,
				F852BE082C3C8DD10032C81B /* Release */,
			);
			defaultConfigurationIsVisible = 0;
			defaultConfigurationName = Release;
		};
		F852BE092C3C8DD10032C81B /* Build configuration list for PBXNativeTarget "CPSC5330-extra" */ = {
			isa = XCConfigurationList;
			buildConfigurations = (
				F852BE0A2C3C8DD10032C81B /* Debug */,
				F852BE0B2C3C8DD10032C81B /* Release */,
			);
			defaultConfigurationIsVisible = 0;
			defaultConfigurationName = Release;
		};
		F852BE0C2C3C8DD10032C81B /* Build configuration list for PBXNativeTarget "CPSC5330-extraTests" */ = {
			isa = XCConfigurationList;
			buildConfigurations = (
				F852BE0D2C3C8DD10032C81B /* Debug */,
				F852BE0E2C3C8DD10032C81B /* Release */,
			);
			defaultConfigurationIsVisible = 0;
			defaultConfigurationName = Release;
		};
		F852BE0F2C3C8DD10032C81B /* Build configuration list for PBXNativeTarget "CPSC5330-extraUITests" */ = {
			isa = XCConfigurationList;
			buildConfigurations = (
				F852BE102C3C8DD10032C81B /* Debug */,
				F852BE112C3C8DD10032C81B /* Release */,
			);
			defaultConfigurationIsVisible = 0;
			defaultConfigurationName = Release;
		};
/* End XCConfigurationList section */
	};
	rootObject = F852BDD72C3C8DD00032C81B /* Project object */;
}
